
Microsoft Visual Studio Solution File, Format Version 12.00
# Visual Studio Version 17
VisualStudioVersion = 17.2.32602.215
MinimumVisualStudioVersion = 10.0.40219.1
Project("{9A19103F-16F7-4668-BE54-9A1E7A4F7556}") = "StructuredFieldValues", "StructuredFieldValues\StructuredFieldValues.csproj", "{085289AB-DD43-43F4-AC85-CA5B818452D2}"
EndProject
Project("{9A19103F-16F7-4668-BE54-9A1E7A4F7556}") = "StructuredFieldValues.Tests", "StructuredFieldValues.Tests\StructuredFieldValues.Tests.csproj", "{5DCFC95D-9CAF-446D-BC91-0C56DCEE2588}"
EndProject
Global
	GlobalSection(SolutionConfigurationPlatforms) = preSolution
		Debug|Any CPU = Debug|Any CPU
		Debug|x64 = Debug|x64
		Integration|Any CPU = Integration|Any CPU
		Integration|x64 = Integration|x64
		Release|Any CPU = Release|Any CPU
		Release|x64 = Release|x64
	EndGlobalSection
	GlobalSection(ProjectConfigurationPlatforms) = postSolution
		{085289AB-DD43-43F4-AC85-CA5B818452D2}.Debug|Any CPU.ActiveCfg = Debug|Any CPU
		{085289AB-DD43-43F4-AC85-CA5B818452D2}.Debug|Any CPU.Build.0 = Debug|Any CPU
		{085289AB-DD43-43F4-AC85-CA5B818452D2}.Debug|x64.ActiveCfg = Debug|Any CPU
		{085289AB-DD43-43F4-AC85-CA5B818452D2}.Debug|x64.Build.0 = Debug|Any CPU
		{085289AB-DD43-43F4-AC85-CA5B818452D2}.Integration|Any CPU.ActiveCfg = Integration|Any CPU
		{085289AB-DD43-43F4-AC85-CA5B818452D2}.Integration|Any CPU.Build.0 = Integration|Any CPU
		{085289AB-DD43-43F4-AC85-CA5B818452D2}.Integration|x64.ActiveCfg = Integration|Any CPU
		{085289AB-DD43-43F4-AC85-CA5B818452D2}.Integration|x64.Build.0 = Integration|Any CPU
		{085289AB-DD43-43F4-AC85-CA5B818452D2}.Release|Any CPU.ActiveCfg = Release|Any CPU
		{085289AB-DD43-43F4-AC85-CA5B818452D2}.Release|Any CPU.Build.0 = Release|Any CPU
		{085289AB-DD43-43F4-AC85-CA5B818452D2}.Release|x64.ActiveCfg = Release|Any CPU
		{085289AB-DD43-43F4-AC85-CA5B818452D2}.Release|x64.Build.0 = Release|Any CPU
		{5DCFC95D-9CAF-446D-BC91-0C56DCEE2588}.Debug|Any CPU.ActiveCfg = Debug|Any CPU
		{5DCFC95D-9CAF-446D-BC91-0C56DCEE2588}.Debug|Any CPU.Build.0 = Debug|Any CPU
		{5DCFC95D-9CAF-446D-BC91-0C56DCEE2588}.Debug|x64.ActiveCfg = Debug|Any CPU
		{5DCFC95D-9CAF-446D-BC91-0C56DCEE2588}.Debug|x64.Build.0 = Debug|Any CPU
		{5DCFC95D-9CAF-446D-BC91-0C56DCEE2588}.Integration|Any CPU.ActiveCfg = Integration|Any CPU
		{5DCFC95D-9CAF-446D-BC91-0C56DCEE2588}.Integration|Any CPU.Build.0 = Integration|Any CPU
		{5DCFC95D-9CAF-446D-BC91-0C56DCEE2588}.Integration|x64.ActiveCfg = Integration|Any CPU
		{5DCFC95D-9CAF-446D-BC91-0C56DCEE2588}.Integration|x64.Build.0 = Integration|Any CPU
		{5DCFC95D-9CAF-446D-BC91-0C56DCEE2588}.Release|Any CPU.ActiveCfg = Release|Any CPU
		{5DCFC95D-9CAF-446D-BC91-0C56DCEE2588}.Release|Any CPU.Build.0 = Release|Any CPU
		{5DCFC95D-9CAF-446D-BC91-0C56DCEE2588}.Release|x64.ActiveCfg = Release|Any CPU
		{5DCFC95D-9CAF-446D-BC91-0C56DCEE2588}.Release|x64.Build.0 = Release|Any CPU
	EndGlobalSection
	GlobalSection(SolutionProperties) = preSolution
		HideSolutionNode = FALSE
	EndGlobalSection
	GlobalSection(ExtensibilityGlobals) = postSolution
		SolutionGuid = {9F4FE638-B074-488D-A367-A5D6FD19ADE5}
	EndGlobalSection
EndGlobal
